# This file is autogenerated, do not edit; changes may be undone by the next 'dep ensure'.


[[projects]]
  digest = "1:5ca563e4d2c45b84db7eb3ecf1a96cf28d102d5703a1c643aaa50faed81c6e06"
  name = "github.com/Azure/azure-sdk-for-go"
  packages = [
    "services/resources/mgmt/2017-05-10/resources",
    "version",
  ]
  pruneopts = "NUT"
  revision = "56a0b1d2af3b65d5f1f7a330e02faaf48b473c5a"
  version = "v14.6.0"

[[projects]]
  digest = "1:b09b0c35e2157afee27951ec594924c69883c6bd6800cbc15ddbb12fae169e12"
  name = "github.com/Azure/go-autorest"
  packages = [
    "autorest",
    "autorest/adal",
    "autorest/azure",
    "autorest/date",
    "autorest/to",
    "autorest/validation",
    "logger",
    "version",
  ]
  pruneopts = "NUT"
  revision = "9bc4033dd347c7f416fca46b2f42a043dc1fbdf6"
  version = "v10.15.5"

[[projects]]
  digest = "1:5d72bbcc9c8667b11c3dc3cbe681c5a6f71e5096744c0bf7726ab5c6425d5dc4"
  name = "github.com/BurntSushi/toml"
  packages = ["."]
  pruneopts = "NUT"
  revision = "3012a1dbe2e4bd1391d42b32f0577cb7bbc7f005"
  version = "v0.3.1"

[[projects]]
  digest = "1:a26f8da48b22e6176c1c6a2459904bb30bd0c49ada04b2963c2c3a203e81a620"
  name = "github.com/Masterminds/semver"
  packages = ["."]
  pruneopts = "NUT"
  revision = "c7af12943936e8c39859482e61f0574c2fd7fc75"
  version = "v1.4.2"

[[projects]]
  digest = "1:f89a071e9ba5a038f0378960d4343b88e145f5791355bbd0769826d158fc448e"
  name = "github.com/Masterminds/sprig"
  packages = ["."]
  pruneopts = "NUT"
  revision = "15f9564e7e9cf0da02a48e0d25f12a7b83559aa6"
  version = "v2.16.0"

[[projects]]
  digest = "1:975108e8d4f5dab096fc991326e96a5716ee8d02e5e7386bb4796171afc4ab9a"
  name = "github.com/aokoli/goutils"
  packages = ["."]
  pruneopts = "NUT"
  revision = "3391d3790d23d03408670993e957e8f408993c34"
  version = "v1.0.1"

[[projects]]
  digest = "1:ffe9824d294da03b391f44e1ae8281281b4afc1bdaa9588c9097785e3af10cec"
  name = "github.com/davecgh/go-spew"
  packages = ["spew"]
  pruneopts = "NUT"
  revision = "8991bc29aa16c548c550c7ff78260e27b9ab7c73"
  version = "v1.1.1"

[[projects]]
  digest = "1:5dbeee38ba124d233693f4d3b0e74fbb6df785bbff42c22bc1b44fb1c338885f"
  name = "github.com/deislabs/porter"
  packages = [
    "pkg/context",
    "pkg/mixin",
    "pkg/porter/version",
    "pkg/printer",
    "pkg/test",
  ]
  pruneopts = "NUT"
  revision = "72dd5df11c28ceb3a0599674556ff728df333118"
  version = "v0.14.1-beta.2"

[[projects]]
  digest = "1:7a6852b35eb5bbc184561443762d225116ae630c26a7c4d90546619f1e7d2ad2"
  name = "github.com/dgrijalva/jwt-go"
  packages = ["."]
  pruneopts = "NUT"
  revision = "06ea1031745cb8b3dab3f6a236daf2b0aa468b7e"
  version = "v3.2.0"

[[projects]]
  digest = "1:2eca846517f1bafae99c3c81f6bfbb3c503c3caeb022dee250beb291c00001aa"
  name = "github.com/gobuffalo/buffalo-plugins"
  packages = [
    "plugins",
    "plugins/plugdeps",
  ]
  pruneopts = "NUT"
  revision = "bc39d68df10a169179a1d10e542ae100cabd273b"
  version = "v1.8.1"

[[projects]]
  digest = "1:7a281355cee56de3eae2e9d38516fd1c621d5555d7588698ee6f1db127cbcdc4"
  name = "github.com/gobuffalo/envy"
  packages = ["."]
  pruneopts = "NUT"
  revision = "7e7ddcbb431d1d9e32121d7eeee8d68bdecd7081"
  version = "v1.6.10"

[[projects]]
  digest = "1:d7bbcdf56a464a71ab24dbcab9fea3d5ee7a9d4a3ea29ac1a1512b1b74fd8dc5"
  name = "github.com/gobuffalo/events"
  packages = ["."]
  pruneopts = "NUT"
  revision = "737cbff69244d23760f88158381db90594b0c33c"
  version = "v1.1.8"

[[projects]]
  branch = "master"
  digest = "1:e2c0fc199beb18bda620ab7f2f94e58f8fc510d85c7b9e925a43e749fde6fe50"
  name = "github.com/gobuffalo/flect"
  packages = [
    ".",
    "name",
  ]
  pruneopts = "NUT"
  revision = "47375f6d832895843594c60e150fc0a2d2ef87df"

[[projects]]
  branch = "master"
  digest = "1:5c86c7151b50d18a047da4d9ed678dc4766853eda6e77acc05f4d2657d924b3b"
  name = "github.com/gobuffalo/genny"
  packages = [
    ".",
    "movinglater/gotools",
    "movinglater/gotools/goimports",
    "movinglater/gotools/gomods",
  ]
  pruneopts = "NUT"
  revision = "77e34f71ba2ad9b0020daeba22574f8b87218347"

[[projects]]
  branch = "master"
  digest = "1:00da8dfd876a14358de6cf64a45c979b54520b362773c6badfc108141222dab0"
  name = "github.com/gobuffalo/logger"
  packages = ["."]
  pruneopts = "NUT"
  revision = "5b956e21995cbed3ab29e4901f9e746a6a1d53bb"

[[projects]]
  digest = "1:e796fc4105513995d2440e4fc6f1930c8c2e6606a3e18727fdbb75c2cce70ef1"
  name = "github.com/gobuffalo/mapi"
  packages = ["."]
  pruneopts = "NUT"
  revision = "09ac528b16b7e871fe0f14d4867a07820a30a14b"
  version = "v1.0.1"

[[projects]]
  branch = "master"
  digest = "1:1e1046d003245ebac7cb1affb6c8e8d21112c46cd34c9da82334531c701a2f37"
  name = "github.com/gobuffalo/meta"
  packages = ["."]
  pruneopts = "NUT"
  revision = "0d7e59dd540b2ef77f8dd051c596c8b6f8c660f9"

[[projects]]
  branch = "master"
  digest = "1:e8ff8f6fe0a986f391c172b834a603122780dc2acef6dfb4320a38a9d7e2dea8"
  name = "github.com/gobuffalo/packd"
  packages = ["."]
  pruneopts = "NUT"
  revision = "311c6248e5fbdcd13b3ce364f00073506d8154e6"

[[projects]]
  digest = "1:a661bd3e35158e67e8ccf0f8af4a6339ec153d0b689d076b6e57a0c089dd09be"
  name = "github.com/gobuffalo/packr"
  packages = [
    "v2",
    "v2/file",
    "v2/file/resolver",
    "v2/file/resolver/encoding/hex",
    "v2/jam/parser",
    "v2/plog",
  ]
  pruneopts = "NUT"
  revision = "aabccdc77a3bda1825ed40194e3d85025dee6f36"
  version = "v2.0.0-rc.8"

[[projects]]
  branch = "master"
  digest = "1:cc66a6ea07a8c9a8b95da5b0a78b90cd33cdbe3198ff9698f5b388876eee5464"
  name = "github.com/gobuffalo/syncx"
  packages = ["."]
  pruneopts = "NUT"
  revision = "558ac7de985fc4f4057bff27c7bdf99e92fe0750"

[[projects]]
  digest = "1:56a1f3949ebb7fa22fa6b4e4ac0fe0f77cc4faee5b57413e6fa9199a8458faf1"
  name = "github.com/google/uuid"
  packages = ["."]
  pruneopts = "NUT"
  revision = "9b3b1e0f5f99ae461456d768e7d301a7acdaa2d8"
  version = "v1.1.0"

[[projects]]
  digest = "1:dc54242755f5b6721dd880843de6e45fe234838ea9149ec8249951880fd5802f"
  name = "github.com/huandu/xstrings"
  packages = ["."]
  pruneopts = "NUT"
  revision = "f02667b379e2fb5916c3cda2cf31e0eb885d79f8"
  version = "v1.2.0"

[[projects]]
  digest = "1:9a52adf44086cead3b384e5d0dbf7a1c1cce65e67552ee3383a8561c42a18cd3"
  name = "github.com/imdario/mergo"
  packages = ["."]
  pruneopts = "NUT"
  revision = "9f23e2d6bd2a77f959b2bf6acdbefd708a83a4a4"
  version = "v0.3.6"

[[projects]]
  digest = "1:406338ad39ab2e37b7f4452906442a3dbf0eb3379dd1f06aafb5c07e769a5fbb"
  name = "github.com/inconshreveable/mousetrap"
  packages = ["."]
  pruneopts = "NUT"
  revision = "76626ae9c91c4f2a10f34cad8ce83ea42c93bb75"
  version = "v1.0"

[[projects]]
  digest = "1:da62aa6632d04e080b8a8b85a59ed9ed1550842a0099a55f3ae3a20d02a3745a"
  name = "github.com/joho/godotenv"
  packages = ["."]
  pruneopts = "NUT"
  revision = "23d116af351c84513e1946b527c88823e476be13"
  version = "v1.3.0"

[[projects]]
  digest = "1:203402d4929d37463d9155134f2e933a377cb990fc7d2401de98f8d038a0e5cb"
  name = "github.com/karrick/godirwalk"
  packages = ["."]
  pruneopts = "NUT"
  revision = "2de2192f9e35ce981c152a873ed943b93b79ced4"
  version = "v1.7.5"

[[projects]]
  digest = "1:b8870bf2606dca65dc382f4cb8b7a434f17ff36a915451bda12788e9620be368"
  name = "github.com/kelseyhightower/envconfig"
  packages = ["."]
  pruneopts = "NUT"
  revision = "f611eb38b3875cc3bd991ca91c51d06446afa14c"
  version = "v1.3.0"

[[projects]]
  digest = "1:4059c14e87a2de3a434430340521b5feece186c1469eff0834c29a63870de3ed"
  name = "github.com/konsorten/go-windows-terminal-sequences"
  packages = ["."]
  pruneopts = "NUT"
  revision = "5c8c8bd35d3832f5d134ae1e1e375b69a4d25242"
  version = "v1.0.1"

[[projects]]
  branch = "master"
  digest = "1:2237ebb16fec877462f5fe81c93667f40361efd615edc9e04091a5d2640723f2"
  name = "github.com/markbates/oncer"
  packages = ["."]
  pruneopts = "NUT"
  revision = "05fccaae8fc423476d98fd4c3e4699ba0fbbde48"

[[projects]]
  digest = "1:a270612d988b6288fdcfe032c8a7393e9c1f5d55da7294feeaf684f12e6315e4"
  name = "github.com/markbates/safe"
  packages = ["."]
  pruneopts = "NUT"
  revision = "6fea05a5732486546a4836b7a1d596c5ec687b98"
  version = "v1.0.1"

[[projects]]
  digest = "1:5cf3f025cbee5951a4ee961de067c8a89fc95a5adabead774f82822efabab121"
  name = "github.com/pkg/errors"
  packages = ["."]
  pruneopts = "NUT"
  revision = "645ef00459ed84a119197bfb8d8205042c6df63d"
  version = "v0.8.0"

[[projects]]
  digest = "1:0028cb19b2e4c3112225cd871870f2d9cf49b9b4276531f03438a88e94be86fe"
  name = "github.com/pmezard/go-difflib"
  packages = ["difflib"]
  pruneopts = "NUT"
  revision = "792786c7400a136282c1664665ae0a8db921c6c2"
  version = "v1.0.0"

[[projects]]
  digest = "1:efafa5160b1666d27e6e1ad4cd3fba27ce73aaaa1e99c3d02e14e55690a8878d"
  name = "github.com/rogpeppe/go-internal"
  packages = [
    "modfile",
    "module",
    "semver",
  ]
  pruneopts = "NUT"
  revision = "d87f08a7d80821c797ffc8eb8f4e01675f378736"
  version = "v1.0.0"

[[projects]]
  digest = "1:d848e2bdc690ea54c4b49894b67a05db318a97ee6561879b814c2c1f82f61406"
  name = "github.com/sirupsen/logrus"
  packages = ["."]
  pruneopts = "NUT"
  revision = "bcd833dfe83d3cebad139e4a29ed79cb2318bf95"
  version = "v1.2.0"

[[projects]]
  digest = "1:330e9062b308ac597e28485699c02223bd052437a6eed32a173c9227dcb9d95a"
  name = "github.com/spf13/afero"
  packages = [
    ".",
    "mem",
  ]
  pruneopts = "NUT"
  revision = "d40851caa0d747393da1ffb28f7f9d8b4eeffebd"
  version = "v1.1.2"

[[projects]]
  digest = "1:343d44e06621142ab09ae0c76c1799104cdfddd3ffb445d78b1adf8dc3ffaf3d"
  name = "github.com/spf13/cobra"
  packages = ["."]
  pruneopts = "NUT"
  revision = "ef82de70bb3f60c65fb8eebacbb2d122ef517385"
  version = "v0.0.3"

[[projects]]
  digest = "1:9d8420bbf131d1618bde6530af37c3799340d3762cc47210c1d9532a4c3a2779"
  name = "github.com/spf13/pflag"
  packages = ["."]
  pruneopts = "NUT"
  revision = "298182f68c66c05229eb03ac171abe6e309ee79a"
  version = "v1.0.3"

[[projects]]
  digest = "1:0331452965d8695c0a5633e0f509012987681a654f388f2ad0c3b2d7f7004b1c"
  name = "github.com/stretchr/testify"
  packages = [
    "assert",
    "require",
  ]
  pruneopts = "NUT"
  revision = "f35b8ab0b5a2cef36673838d662e249dd9c94686"
  version = "v1.2.2"

[[projects]]
  branch = "master"
  digest = "1:15e78183e2b04229a20cf384c2d911812970727ba34800fbe18cd35005a529fa"
  name = "golang.org/x/crypto"
  packages = [
    "pbkdf2",
    "scrypt",
    "ssh/terminal",
  ]
  pruneopts = "NUT"
  revision = "e4dc69e5b2fd71dcaf8bd5d054eb936deb78d1fa"

[[projects]]
  branch = "master"
  digest = "1:6eac76de26138eb5049ffa3f3a8d4cf394cf626812b7d9b31308301e24bc9840"
  name = "golang.org/x/sys"
  packages = [
    "unix",
    "windows",
  ]
  pruneopts = "NUT"
  revision = "66b7b1311ac80bbafcd2daeef9a5e6e2cd1e2399"

[[projects]]
  digest = "1:8029e9743749d4be5bc9f7d42ea1659471767860f0cdc34d37c3111bd308a295"
  name = "golang.org/x/text"
  packages = [
    "internal/gen",
    "internal/triegen",
    "internal/ucd",
    "transform",
    "unicode/cldr",
    "unicode/norm",
  ]
  pruneopts = "NUT"
  revision = "f21a4dfb5e38f5895301dc265a8def02365cc3d0"
  version = "v0.3.0"

[[projects]]
  branch = "master"
  digest = "1:6511064c08bff306dd24fa83ea82e160009fa7572240b70173b25d1dbc3e1872"
  name = "golang.org/x/tools"
  packages = [
    "go/ast/astutil",
    "imports",
    "internal/fastwalk",
    "internal/gopathwalk",
  ]
  pruneopts = "NUT"
  revision = "34bb05f9d8cbec78a19916357043e58ea7271089"

[[projects]]
  digest = "1:7c95b35057a0ff2e19f707173cc1a947fa43a6eb5c4d300d196ece0334046082"
  name = "gopkg.in/yaml.v2"
  packages = ["."]
  pruneopts = "NUT"
  revision = "5420a8b6744d3b0345ab293f6fcba19c978f1183"
  version = "v2.2.1"

[solve-meta]
  analyzer-name = "dep"
  analyzer-version = 1
  input-imports = [
    "github.com/Azure/azure-sdk-for-go/services/resources/mgmt/2017-05-10/resources",
    "github.com/Azure/go-autorest/autorest",
    "github.com/Azure/go-autorest/autorest/adal",
    "github.com/Azure/go-autorest/autorest/azure",
    "github.com/Masterminds/sprig",
    "github.com/deislabs/porter/pkg/context",
    "github.com/deislabs/porter/pkg/mixin",
    "github.com/deislabs/porter/pkg/porter/version",
    "github.com/deislabs/porter/pkg/printer",
    "github.com/gobuffalo/packr/v2",
    "github.com/gobuffalo/packr/v2/file/resolver",
    "github.com/kelseyhightower/envconfig",
    "github.com/pkg/errors",
    "github.com/spf13/cobra",
    "github.com/stretchr/testify/assert",
    "github.com/stretchr/testify/require",
    "gopkg.in/yaml.v2",
  ]
  solver-name = "gps-cdcl"
  solver-version = 1
